<?xml version="1.0" encoding="utf-8"?>
<Project ToolsVersion="4.0" xmlns="http://schemas.microsoft.com/developer/msbuild/2003">
  <ItemGroup>
    <Filter Include="Source Files">
      <UniqueIdentifier>{816f3944-7679-4832-a025-19e34a600374}</UniqueIdentifier>
      <Extensions>cpp;c;cxx;rc;def;r;odl;idl;hpj;bat</Extensions>
    </Filter>
    <Filter Include="Header Files">
      <UniqueIdentifier>{e5c9e56b-6288-4a29-a07f-586547c1a7a3}</UniqueIdentifier>
      <Extensions>h;hpp;hxx;hm;inl</Extensions>
    </Filter>
    <Filter Include="Resource Files">
      <UniqueIdentifier>{433c6d9a-ee47-4b10-af47-df28a68d4e1f}</UniqueIdentifier>
      <Extensions>ico;cur;bmp;dlg;rc2;rct;bin;rgs;gif;jpg;jpeg;jpe</Extensions>
    </Filter>
  </ItemGroup>
  <ItemGroup>
    <ClCompile Include="BasePlan.cpp">
      <Filter>Source Files</Filter>
    </ClCompile>
    <ClCompile Include="BasePlanSt1LP.cpp">
      <Filter>Source Files</Filter>
    </ClCompile>
    <ClCompile Include="BasePlanSt2LpDp.cpp">
      <Filter>Source Files</Filter>
    </ClCompile>
    <ClCompile Include="BasePlanSt3Dp.cpp">
      <Filter>Source Files</Filter>
    </ClCompile>
    <ClCompile Include="Cargo.cpp">
      <Filter>Source Files</Filter>
    </ClCompile>
    <ClCompile Include="EasyStartDlg.cpp">
      <Filter>Source Files</Filter>
    </ClCompile>
    <ClCompile Include="FleetOptimizer.cpp">
      <Filter>Source Files</Filter>
    </ClCompile>
    <ClCompile Include="FleetOptimizerDoc.cpp">
      <Filter>Source Files</Filter>
    </ClCompile>
    <ClCompile Include="FleetOptimizerView.cpp">
      <Filter>Source Files</Filter>
    </ClCompile>
    <ClCompile Include="FleetTechEconomicEng.cpp">
      <Filter>Source Files</Filter>
    </ClCompile>
    <ClCompile Include="InitialBasePlan.cpp">
      <Filter>Source Files</Filter>
    </ClCompile>
    <ClCompile Include="LandStructList.cpp">
      <Filter>Source Files</Filter>
    </ClCompile>
    <ClCompile Include="LandStructure.cpp">
      <Filter>Source Files</Filter>
    </ClCompile>
    <ClCompile Include="Line.cpp">
      <Filter>Source Files</Filter>
    </ClCompile>
    <ClCompile Include="MainFrm.cpp">
      <Filter>Source Files</Filter>
    </ClCompile>
    <ClCompile Include="MarineTechEconomicEng.cpp">
      <Filter>Source Files</Filter>
    </ClCompile>
    <ClCompile Include="OptimizationSt1LP.cpp">
      <Filter>Source Files</Filter>
    </ClCompile>
    <ClCompile Include="OptimizationSt2LpDp.cpp">
      <Filter>Source Files</Filter>
    </ClCompile>
    <ClCompile Include="OptimizationSt3Dp.cpp">
      <Filter>Source Files</Filter>
    </ClCompile>
    <ClCompile Include="Optimizer.cpp">
      <Filter>Source Files</Filter>
    </ClCompile>
    <ClCompile Include="OutputView.cpp">
      <Filter>Source Files</Filter>
    </ClCompile>
    <ClCompile Include="Port.cpp">
      <Filter>Source Files</Filter>
    </ClCompile>
    <ClCompile Include="PortFactory.cpp">
      <Filter>Source Files</Filter>
    </ClCompile>
    <ClCompile Include="PortList.cpp">
      <Filter>Source Files</Filter>
    </ClCompile>
    <ClCompile Include="PortPoint.cpp">
      <Filter>Source Files</Filter>
    </ClCompile>
    <ClCompile Include="ProcessDlg.cpp">
      <Filter>Source Files</Filter>
    </ClCompile>
    <ClCompile Include="RegisterRules.cpp">
      <Filter>Source Files</Filter>
    </ClCompile>
    <ClCompile Include="Router.cpp">
      <Filter>Source Files</Filter>
    </ClCompile>
    <ClCompile Include="RouterL.cpp">
      <Filter>Source Files</Filter>
    </ClCompile>
    <ClCompile Include="RouterP.cpp">
      <Filter>Source Files</Filter>
    </ClCompile>
    <ClCompile Include="RouterS.cpp">
      <Filter>Source Files</Filter>
    </ClCompile>
    <ClCompile Include="Scheduler.cpp">
      <Filter>Source Files</Filter>
    </ClCompile>
    <ClCompile Include="Ship.cpp">
      <Filter>Source Files</Filter>
    </ClCompile>
    <ClCompile Include="ShipCargoPlan.cpp">
      <Filter>Source Files</Filter>
    </ClCompile>
    <ClCompile Include="ShipCargoPlanNode.cpp">
      <Filter>Source Files</Filter>
    </ClCompile>
    <ClCompile Include="ShipFactory.cpp">
      <Filter>Source Files</Filter>
    </ClCompile>
    <ClCompile Include="StdAfx.cpp">
      <Filter>Source Files</Filter>
    </ClCompile>
    <ClCompile Include="Vehicle.cpp">
      <Filter>Source Files</Filter>
    </ClCompile>
    <ClCompile Include="VehiclesList.cpp">
      <Filter>Source Files</Filter>
    </ClCompile>
  </ItemGroup>
  <ItemGroup>
    <ResourceCompile Include="FleetOptimizer.rc">
      <Filter>Source Files</Filter>
    </ResourceCompile>
  </ItemGroup>
  <ItemGroup>
    <ClInclude Include="BasePlan.h">
      <Filter>Header Files</Filter>
    </ClInclude>
    <ClInclude Include="BasePlanSt1LP.h">
      <Filter>Header Files</Filter>
    </ClInclude>
    <ClInclude Include="BasePlanSt2LpDp.h">
      <Filter>Header Files</Filter>
    </ClInclude>
    <ClInclude Include="BasePlanSt3Dp.h">
      <Filter>Header Files</Filter>
    </ClInclude>
    <ClInclude Include="Cargo.h">
      <Filter>Header Files</Filter>
    </ClInclude>
    <ClInclude Include="EasyStartDlg.h">
      <Filter>Header Files</Filter>
    </ClInclude>
    <ClInclude Include="FleetOptimizer.h">
      <Filter>Header Files</Filter>
    </ClInclude>
    <ClInclude Include="FleetOptimizerDoc.h">
      <Filter>Header Files</Filter>
    </ClInclude>
    <ClInclude Include="FleetOptimizerView.h">
      <Filter>Header Files</Filter>
    </ClInclude>
    <ClInclude Include="FleetTechEconomicEng.h">
      <Filter>Header Files</Filter>
    </ClInclude>
    <ClInclude Include="InitialBasePlan.h">
      <Filter>Header Files</Filter>
    </ClInclude>
    <ClInclude Include="LandStructList.h">
      <Filter>Header Files</Filter>
    </ClInclude>
    <ClInclude Include="LandStructure.h">
      <Filter>Header Files</Filter>
    </ClInclude>
    <ClInclude Include="Line.h">
      <Filter>Header Files</Filter>
    </ClInclude>
    <ClInclude Include="MainFrm.h">
      <Filter>Header Files</Filter>
    </ClInclude>
    <ClInclude Include="MarineTechEconomicEng.h">
      <Filter>Header Files</Filter>
    </ClInclude>
    <ClInclude Include="OptimizationSt1LP.h">
      <Filter>Header Files</Filter>
    </ClInclude>
    <ClInclude Include="OptimizationSt2LpDp.h">
      <Filter>Header Files</Filter>
    </ClInclude>
    <ClInclude Include="OptimizationSt3Dp.h">
      <Filter>Header Files</Filter>
    </ClInclude>
    <ClInclude Include="Optimizer.h">
      <Filter>Header Files</Filter>
    </ClInclude>
    <ClInclude Include="OutputView.h">
      <Filter>Header Files</Filter>
    </ClInclude>
    <ClInclude Include="Port.h">
      <Filter>Header Files</Filter>
    </ClInclude>
    <ClInclude Include="PortFactory.h">
      <Filter>Header Files</Filter>
    </ClInclude>
    <ClInclude Include="PortList.h">
      <Filter>Header Files</Filter>
    </ClInclude>
    <ClInclude Include="PortPoint.h">
      <Filter>Header Files</Filter>
    </ClInclude>
    <ClInclude Include="ProcessDlg.h">
      <Filter>Header Files</Filter>
    </ClInclude>
    <ClInclude Include="RegisterRules.h">
      <Filter>Header Files</Filter>
    </ClInclude>
    <ClInclude Include="Resource.h">
      <Filter>Header Files</Filter>
    </ClInclude>
    <ClInclude Include="Router.h">
      <Filter>Header Files</Filter>
    </ClInclude>
    <ClInclude Include="RouterL.h">
      <Filter>Header Files</Filter>
    </ClInclude>
    <ClInclude Include="RouterP.h">
      <Filter>Header Files</Filter>
    </ClInclude>
    <ClInclude Include="RouterS.h">
      <Filter>Header Files</Filter>
    </ClInclude>
    <ClInclude Include="Scheduler.h">
      <Filter>Header Files</Filter>
    </ClInclude>
    <ClInclude Include="Ship.h">
      <Filter>Header Files</Filter>
    </ClInclude>
    <ClInclude Include="ShipCargoPlan.h">
      <Filter>Header Files</Filter>
    </ClInclude>
    <ClInclude Include="ShipCargoPlanNode.h">
      <Filter>Header Files</Filter>
    </ClInclude>
    <ClInclude Include="ShipFactory.h">
      <Filter>Header Files</Filter>
    </ClInclude>
    <ClInclude Include="StdAfx.h">
      <Filter>Header Files</Filter>
    </ClInclude>
    <ClInclude Include="Vehicle.h">
      <Filter>Header Files</Filter>
    </ClInclude>
    <ClInclude Include="VehiclesList.h">
      <Filter>Header Files</Filter>
    </ClInclude>
  </ItemGroup>
  <ItemGroup>
    <Image Include="res\bitmap1.bmp">
      <Filter>Resource Files</Filter>
    </Image>
    <Image Include="res\FleetOptimizer.ico">
      <Filter>Resource Files</Filter>
    </Image>
    <Image Include="res\FleetOptimizerDoc.ico">
      <Filter>Resource Files</Filter>
    </Image>
    <Image Include="res\Toolbar.bmp">
      <Filter>Resource Files</Filter>
    </Image>
  </ItemGroup>
  <ItemGroup>
    <None Include="res\cursor1.cur">
      <Filter>Resource Files</Filter>
    </None>
    <None Include="res\FleetOptimizer.rc2">
      <Filter>Resource Files</Filter>
    </None>
  </ItemGroup>
  <ItemGroup>
    <Text Include="ReadMe.txt" />
  </ItemGroup>
</Project>