<?xml version="1.0" encoding="utf-8"?>
<Project ToolsVersion="4.0" xmlns="http://schemas.microsoft.com/developer/msbuild/2003">
  <ItemGroup>
    <Filter Include="Source Files">
      <UniqueIdentifier>{67e985d3-d8dd-4b23-a9a8-b4701fb80e0a}</UniqueIdentifier>
      <Extensions>cpp;c;cxx;rc;def;r;odl;idl;hpj;bat</Extensions>
    </Filter>
    <Filter Include="Header Files">
      <UniqueIdentifier>{da45957b-496d-42be-9e84-3450e417ba41}</UniqueIdentifier>
      <Extensions>h;hpp;hxx;hm;inl</Extensions>
    </Filter>
    <Filter Include="Resource Files">
      <UniqueIdentifier>{21bbd9ec-4b14-4990-8b40-29fe86d482c2}</UniqueIdentifier>
      <Extensions>ico;cur;bmp;dlg;rc2;rct;bin;rgs;gif;jpg;jpeg;jpe</Extensions>
    </Filter>
  </ItemGroup>
  <ItemGroup>
    <ClCompile Include="EditGrid.cpp">
      <Filter>Source Files</Filter>
    </ClCompile>
    <ClCompile Include="EditWnd.cpp">
      <Filter>Source Files</Filter>
    </ClCompile>
    <ClCompile Include="font.cpp">
      <Filter>Source Files</Filter>
    </ClCompile>
    <ClCompile Include="InvestDlg.cpp">
      <Filter>Source Files</Filter>
    </ClCompile>
    <ClCompile Include="LogsDlg.cpp">
      <Filter>Source Files</Filter>
    </ClCompile>
    <ClCompile Include="MainDetailsPPage3.cpp">
      <Filter>Source Files</Filter>
    </ClCompile>
    <ClCompile Include="MMI.cpp">
      <Filter>Source Files</Filter>
    </ClCompile>
    <ClCompile Include="msflexgrid.cpp">
      <Filter>Source Files</Filter>
    </ClCompile>
    <ClCompile Include="OptimizSettingsDlg.cpp">
      <Filter>Source Files</Filter>
    </ClCompile>
    <ClCompile Include="picture.cpp">
      <Filter>Source Files</Filter>
    </ClCompile>
    <ClCompile Include="PortDetailsPSheet.cpp">
      <Filter>Source Files</Filter>
    </ClCompile>
    <ClCompile Include="PortDialog.cpp">
      <Filter>Source Files</Filter>
    </ClCompile>
    <ClCompile Include="PortDialog1.cpp">
      <Filter>Source Files</Filter>
    </ClCompile>
    <ClCompile Include="PortDistMatrixPPage.cpp">
      <Filter>Source Files</Filter>
    </ClCompile>
    <ClCompile Include="PortLandStructInfo.cpp">
      <Filter>Source Files</Filter>
    </ClCompile>
    <ClCompile Include="PortLandStructPPage.cpp">
      <Filter>Source Files</Filter>
    </ClCompile>
    <ClCompile Include="PortMainDetailsPPage.cpp">
      <Filter>Source Files</Filter>
    </ClCompile>
    <ClCompile Include="PortMainInfo.cpp">
      <Filter>Source Files</Filter>
    </ClCompile>
    <ClCompile Include="PortWizardDlg.cpp">
      <Filter>Source Files</Filter>
    </ClCompile>
    <ClCompile Include="PrototypeWizardACVDlg.cpp">
      <Filter>Source Files</Filter>
    </ClCompile>
    <ClCompile Include="PrototypeWizardShipDlg.cpp">
      <Filter>Source Files</Filter>
    </ClCompile>
    <ClCompile Include="rowcursor.cpp">
      <Filter>Source Files</Filter>
    </ClCompile>
    <ClCompile Include="ScenarioWizardDlg.cpp">
      <Filter>Source Files</Filter>
    </ClCompile>
    <ClCompile Include="ShipMainInfo.cpp">
      <Filter>Source Files</Filter>
    </ClCompile>
    <ClCompile Include="ShipTypeMainPPage.cpp">
      <Filter>Source Files</Filter>
    </ClCompile>
    <ClCompile Include="ShipTypeOptimizParamPPage.cpp">
      <Filter>Source Files</Filter>
    </ClCompile>
    <ClCompile Include="ShipTypePropertySheet.cpp">
      <Filter>Source Files</Filter>
    </ClCompile>
    <ClCompile Include="ShipTypeWizardDlg.cpp">
      <Filter>Source Files</Filter>
    </ClCompile>
    <ClCompile Include="StdAfx.cpp">
      <Filter>Source Files</Filter>
    </ClCompile>
  </ItemGroup>
  <ItemGroup>
    <None Include="res\MMI.rc2">
      <Filter>Resource Files</Filter>
    </None>
  </ItemGroup>
  <ItemGroup>
    <ResourceCompile Include="MMI.rc">
      <Filter>Source Files</Filter>
    </ResourceCompile>
  </ItemGroup>
  <ItemGroup>
    <ClInclude Include="EditGrid.h">
      <Filter>Header Files</Filter>
    </ClInclude>
    <ClInclude Include="EditWnd.h">
      <Filter>Header Files</Filter>
    </ClInclude>
    <ClInclude Include="font.h">
      <Filter>Header Files</Filter>
    </ClInclude>
    <ClInclude Include="InvestDlg.h">
      <Filter>Header Files</Filter>
    </ClInclude>
    <ClInclude Include="LogsDlg.h">
      <Filter>Header Files</Filter>
    </ClInclude>
    <ClInclude Include="MainDetailsPPage3.h">
      <Filter>Header Files</Filter>
    </ClInclude>
    <ClInclude Include="msflexgrid.h">
      <Filter>Header Files</Filter>
    </ClInclude>
    <ClInclude Include="OptimizSettingsDlg.h">
      <Filter>Header Files</Filter>
    </ClInclude>
    <ClInclude Include="picture.h">
      <Filter>Header Files</Filter>
    </ClInclude>
    <ClInclude Include="PortDetailsPSheet.h">
      <Filter>Header Files</Filter>
    </ClInclude>
    <ClInclude Include="PortDialog.h">
      <Filter>Header Files</Filter>
    </ClInclude>
    <ClInclude Include="PortDialog1.h">
      <Filter>Header Files</Filter>
    </ClInclude>
    <ClInclude Include="PortDistMatrixPPage.h">
      <Filter>Header Files</Filter>
    </ClInclude>
    <ClInclude Include="PortLandStructInfo.h">
      <Filter>Header Files</Filter>
    </ClInclude>
    <ClInclude Include="PortLandStructPPage.h">
      <Filter>Header Files</Filter>
    </ClInclude>
    <ClInclude Include="PortMainDetailsPPage.h">
      <Filter>Header Files</Filter>
    </ClInclude>
    <ClInclude Include="PortMainInfo.h">
      <Filter>Header Files</Filter>
    </ClInclude>
    <ClInclude Include="PortWizardDlg.h">
      <Filter>Header Files</Filter>
    </ClInclude>
    <ClInclude Include="PrototypeWizardACVDlg.h">
      <Filter>Header Files</Filter>
    </ClInclude>
    <ClInclude Include="PrototypeWizardShipDlg.h">
      <Filter>Header Files</Filter>
    </ClInclude>
    <ClInclude Include="Resource.h">
      <Filter>Header Files</Filter>
    </ClInclude>
    <ClInclude Include="rowcursor.h">
      <Filter>Header Files</Filter>
    </ClInclude>
    <ClInclude Include="ScenarioWizardDlg.h">
      <Filter>Header Files</Filter>
    </ClInclude>
    <ClInclude Include="ShipMainInfo.h">
      <Filter>Header Files</Filter>
    </ClInclude>
    <ClInclude Include="ShipTypeMainPPage.h">
      <Filter>Header Files</Filter>
    </ClInclude>
    <ClInclude Include="ShipTypeOptimizParamPPage.h">
      <Filter>Header Files</Filter>
    </ClInclude>
    <ClInclude Include="ShipTypePropertySheet.h">
      <Filter>Header Files</Filter>
    </ClInclude>
    <ClInclude Include="ShipTypeWizardDlg.h">
      <Filter>Header Files</Filter>
    </ClInclude>
    <ClInclude Include="StdAfx.h">
      <Filter>Header Files</Filter>
    </ClInclude>
  </ItemGroup>
  <ItemGroup>
    <Text Include="ReadMe.txt" />
  </ItemGroup>
  <ItemGroup>
    <CustomBuild Include="MMI.def">
      <Filter>Source Files</Filter>
    </CustomBuild>
  </ItemGroup>
</Project>